// !$*UTF8*$!
{
	archiveVersion = 1;
	classes = {
	};
	objectVersion = 46;
	objects = {

/* Begin PBXBuildFile section */
		712C193A17BE91D9009E4EDC /* SetCardDeck.m in Sources */ = {isa = PBXBuildFile; fileRef = 712C193917BE91D9009E4EDC /* SetCardDeck.m */; };
		7148C6C917B54FC500D918DD /* BaseCardGameViewController.m in Sources */ = {isa = PBXBuildFile; fileRef = 7148C6C817B54FC500D918DD /* BaseCardGameViewController.m */; };
		7165833F17AF3229004EA265 /* MatchismoViewController.m in Sources */ = {isa = PBXBuildFile; fileRef = 7165833E17AF3229004EA265 /* MatchismoViewController.m */; };
		717E994A179342890005DCF8 /* UIKit.framework in Frameworks */ = {isa = PBXBuildFile; fileRef = 717E9949179342890005DCF8 /* UIKit.framework */; };
		717E994C179342890005DCF8 /* Foundation.framework in Frameworks */ = {isa = PBXBuildFile; fileRef = 717E994B179342890005DCF8 /* Foundation.framework */; };
		717E994E179342890005DCF8 /* CoreGraphics.framework in Frameworks */ = {isa = PBXBuildFile; fileRef = 717E994D179342890005DCF8 /* CoreGraphics.framework */; };
		717E9954179342890005DCF8 /* InfoPlist.strings in Resources */ = {isa = PBXBuildFile; fileRef = 717E9952179342890005DCF8 /* InfoPlist.strings */; };
		717E9956179342890005DCF8 /* main.m in Sources */ = {isa = PBXBuildFile; fileRef = 717E9955179342890005DCF8 /* main.m */; };
		717E995A179342890005DCF8 /* MatchismoAppDelegate.m in Sources */ = {isa = PBXBuildFile; fileRef = 717E9959179342890005DCF8 /* MatchismoAppDelegate.m */; };
		717E995C179342890005DCF8 /* Default.png in Resources */ = {isa = PBXBuildFile; fileRef = 717E995B179342890005DCF8 /* Default.png */; };
		717E995E179342890005DCF8 /* Default@2x.png in Resources */ = {isa = PBXBuildFile; fileRef = 717E995D179342890005DCF8 /* Default@2x.png */; };
		717E9960179342890005DCF8 /* Default-568h@2x.png in Resources */ = {isa = PBXBuildFile; fileRef = 717E995F179342890005DCF8 /* Default-568h@2x.png */; };
		717E9963179342890005DCF8 /* MainStoryboard.storyboard in Resources */ = {isa = PBXBuildFile; fileRef = 717E9961179342890005DCF8 /* MainStoryboard.storyboard */; };
		719D9851179628DD009170BD /* CardMatchingGame.m in Sources */ = {isa = PBXBuildFile; fileRef = 719D9850179628DD009170BD /* CardMatchingGame.m */; };
		719D985A17962C76009170BD /* Card.m in Sources */ = {isa = PBXBuildFile; fileRef = 719D985317962C76009170BD /* Card.m */; };
		719D985B17962C76009170BD /* Deck.m in Sources */ = {isa = PBXBuildFile; fileRef = 719D985517962C76009170BD /* Deck.m */; };
		719D985C17962C76009170BD /* PlayingCard.m in Sources */ = {isa = PBXBuildFile; fileRef = 719D985717962C76009170BD /* PlayingCard.m */; };
		719D985D17962C76009170BD /* PlayingCardDeck.m in Sources */ = {isa = PBXBuildFile; fileRef = 719D985917962C76009170BD /* PlayingCardDeck.m */; };
		71C5504A17B2D6AA00CBF32B /* SetCard.m in Sources */ = {isa = PBXBuildFile; fileRef = 71C5504917B2D6AA00CBF32B /* SetCard.m */; };
		71C5505017B2E77300CBF32B /* CardGameSetViewController.m in Sources */ = {isa = PBXBuildFile; fileRef = 71C5504F17B2E77300CBF32B /* CardGameSetViewController.m */; };
		71FAE2E717B169B6002842D8 /* GameResult.m in Sources */ = {isa = PBXBuildFile; fileRef = 71FAE2E617B169B6002842D8 /* GameResult.m */; };
		71FAE2EA17B1C0D0002842D8 /* GameResultViewController.m in Sources */ = {isa = PBXBuildFile; fileRef = 71FAE2E917B1C0D0002842D8 /* GameResultViewController.m */; };
/* End PBXBuildFile section */

/* Begin PBXFileReference section */
		712C193817BE91D9009E4EDC /* SetCardDeck.h */ = {isa = PBXFileReference; fileEncoding = 4; lastKnownFileType = sourcecode.c.h; path = SetCardDeck.h; sourceTree = "<group>"; };
		712C193917BE91D9009E4EDC /* SetCardDeck.m */ = {isa = PBXFileReference; fileEncoding = 4; lastKnownFileType = sourcecode.c.objc; path = SetCardDeck.m; sourceTree = "<group>"; };
		7148C6C717B54FC500D918DD /* BaseCardGameViewController.h */ = {isa = PBXFileReference; fileEncoding = 4; lastKnownFileType = sourcecode.c.h; path = BaseCardGameViewController.h; sourceTree = "<group>"; };
		7148C6C817B54FC500D918DD /* BaseCardGameViewController.m */ = {isa = PBXFileReference; fileEncoding = 4; lastKnownFileType = sourcecode.c.objc; path = BaseCardGameViewController.m; sourceTree = "<group>"; };
		7165833D17AF3229004EA265 /* MatchismoViewController.h */ = {isa = PBXFileReference; fileEncoding = 4; lastKnownFileType = sourcecode.c.h; path = MatchismoViewController.h; sourceTree = "<group>"; };
		7165833E17AF3229004EA265 /* MatchismoViewController.m */ = {isa = PBXFileReference; fileEncoding = 4; lastKnownFileType = sourcecode.c.objc; path = MatchismoViewController.m; sourceTree = "<group>"; };
		717E9946179342890005DCF8 /* Matchismo.app */ = {isa = PBXFileReference; explicitFileType = wrapper.application; includeInIndex = 0; path = Matchismo.app; sourceTree = BUILT_PRODUCTS_DIR; };
		717E9949179342890005DCF8 /* UIKit.framework */ = {isa = PBXFileReference; lastKnownFileType = wrapper.framework; name = UIKit.framework; path = System/Library/Frameworks/UIKit.framework; sourceTree = SDKROOT; };
		717E994B179342890005DCF8 /* Foundation.framework */ = {isa = PBXFileReference; lastKnownFileType = wrapper.framework; name = Foundation.framework; path = System/Library/Frameworks/Foundation.framework; sourceTree = SDKROOT; };
		717E994D179342890005DCF8 /* CoreGraphics.framework */ = {isa = PBXFileReference; lastKnownFileType = wrapper.framework; name = CoreGraphics.framework; path = System/Library/Frameworks/CoreGraphics.framework; sourceTree = SDKROOT; };
		717E9951179342890005DCF8 /* Matchismo-Info.plist */ = {isa = PBXFileReference; lastKnownFileType = text.plist.xml; path = "Matchismo-Info.plist"; sourceTree = "<group>"; };
		717E9953179342890005DCF8 /* en */ = {isa = PBXFileReference; lastKnownFileType = text.plist.strings; name = en; path = en.lproj/InfoPlist.strings; sourceTree = "<group>"; };
		717E9955179342890005DCF8 /* main.m */ = {isa = PBXFileReference; lastKnownFileType = sourcecode.c.objc; path = main.m; sourceTree = "<group>"; };
		717E9957179342890005DCF8 /* Matchismo-Prefix.pch */ = {isa = PBXFileReference; lastKnownFileType = sourcecode.c.h; path = "Matchismo-Prefix.pch"; sourceTree = "<group>"; };
		717E9958179342890005DCF8 /* MatchismoAppDelegate.h */ = {isa = PBXFileReference; lastKnownFileType = sourcecode.c.h; path = MatchismoAppDelegate.h; sourceTree = "<group>"; };
		717E9959179342890005DCF8 /* MatchismoAppDelegate.m */ = {isa = PBXFileReference; lastKnownFileType = sourcecode.c.objc; path = MatchismoAppDelegate.m; sourceTree = "<group>"; };
		717E995B179342890005DCF8 /* Default.png */ = {isa = PBXFileReference; lastKnownFileType = image.png; path = Default.png; sourceTree = "<group>"; };
		717E995D179342890005DCF8 /* Default@2x.png */ = {isa = PBXFileReference; lastKnownFileType = image.png; path = "Default@2x.png"; sourceTree = "<group>"; };
		717E995F179342890005DCF8 /* Default-568h@2x.png */ = {isa = PBXFileReference; lastKnownFileType = image.png; path = "Default-568h@2x.png"; sourceTree = "<group>"; };
		717E9962179342890005DCF8 /* en */ = {isa = PBXFileReference; lastKnownFileType = file.storyboard; name = en; path = en.lproj/MainStoryboard.storyboard; sourceTree = "<group>"; };
		719D984F179628DD009170BD /* CardMatchingGame.h */ = {isa = PBXFileReference; fileEncoding = 4; lastKnownFileType = sourcecode.c.h; path = CardMatchingGame.h; sourceTree = "<group>"; };
		719D9850179628DD009170BD /* CardMatchingGame.m */ = {isa = PBXFileReference; fileEncoding = 4; lastKnownFileType = sourcecode.c.objc; path = CardMatchingGame.m; sourceTree = "<group>"; };
		719D985217962C76009170BD /* Card.h */ = {isa = PBXFileReference; fileEncoding = 4; lastKnownFileType = sourcecode.c.h; path = Card.h; sourceTree = "<group>"; };
		719D985317962C76009170BD /* Card.m */ = {isa = PBXFileReference; fileEncoding = 4; lastKnownFileType = sourcecode.c.objc; path = Card.m; sourceTree = "<group>"; };
		719D985417962C76009170BD /* Deck.h */ = {isa = PBXFileReference; fileEncoding = 4; lastKnownFileType = sourcecode.c.h; path = Deck.h; sourceTree = "<group>"; };
		719D985517962C76009170BD /* Deck.m */ = {isa = PBXFileReference; fileEncoding = 4; lastKnownFileType = sourcecode.c.objc; path = Deck.m; sourceTree = "<group>"; };
		719D985617962C76009170BD /* PlayingCard.h */ = {isa = PBXFileReference; fileEncoding = 4; lastKnownFileType = sourcecode.c.h; path = PlayingCard.h; sourceTree = "<group>"; };
		719D985717962C76009170BD /* PlayingCard.m */ = {isa = PBXFileReference; fileEncoding = 4; lastKnownFileType = sourcecode.c.objc; path = PlayingCard.m; sourceTree = "<group>"; };
		719D985817962C76009170BD /* PlayingCardDeck.h */ = {isa = PBXFileReference; fileEncoding = 4; lastKnownFileType = sourcecode.c.h; path = PlayingCardDeck.h; sourceTree = "<group>"; };
		719D985917962C76009170BD /* PlayingCardDeck.m */ = {isa = PBXFileReference; fileEncoding = 4; lastKnownFileType = sourcecode.c.objc; path = PlayingCardDeck.m; sourceTree = "<group>"; };
		71C5504817B2D6AA00CBF32B /* SetCard.h */ = {isa = PBXFileReference; fileEncoding = 4; lastKnownFileType = sourcecode.c.h; path = SetCard.h; sourceTree = "<group>"; };
		71C5504917B2D6AA00CBF32B /* SetCard.m */ = {isa = PBXFileReference; fileEncoding = 4; lastKnownFileType = sourcecode.c.objc; path = SetCard.m; sourceTree = "<group>"; };
		71C5504E17B2E77200CBF32B /* CardGameSetViewController.h */ = {isa = PBXFileReference; fileEncoding = 4; lastKnownFileType = sourcecode.c.h; path = CardGameSetViewController.h; sourceTree = "<group>"; };
		71C5504F17B2E77300CBF32B /* CardGameSetViewController.m */ = {isa = PBXFileReference; fileEncoding = 4; lastKnownFileType = sourcecode.c.objc; path = CardGameSetViewController.m; sourceTree = "<group>"; };
		71FAE2E517B169B6002842D8 /* GameResult.h */ = {isa = PBXFileReference; fileEncoding = 4; lastKnownFileType = sourcecode.c.h; path = GameResult.h; sourceTree = "<group>"; };
		71FAE2E617B169B6002842D8 /* GameResult.m */ = {isa = PBXFileReference; fileEncoding = 4; lastKnownFileType = sourcecode.c.objc; path = GameResult.m; sourceTree = "<group>"; };
		71FAE2E817B1C0CF002842D8 /* GameResultViewController.h */ = {isa = PBXFileReference; fileEncoding = 4; lastKnownFileType = sourcecode.c.h; path = GameResultViewController.h; sourceTree = "<group>"; };
		71FAE2E917B1C0D0002842D8 /* GameResultViewController.m */ = {isa = PBXFileReference; fileEncoding = 4; lastKnownFileType = sourcecode.c.objc; path = GameResultViewController.m; sourceTree = "<group>"; };
/* End PBXFileReference section */

/* Begin PBXFrameworksBuildPhase section */
		717E9943179342890005DCF8 /* Frameworks */ = {
			isa = PBXFrameworksBuildPhase;
			buildActionMask = 2147483647;
			files = (
				717E994A179342890005DCF8 /* UIKit.framework in Frameworks */,
				717E994C179342890005DCF8 /* Foundation.framework in Frameworks */,
				717E994E179342890005DCF8 /* CoreGraphics.framework in Frameworks */,
			);
			runOnlyForDeploymentPostprocessing = 0;
		};
/* End PBXFrameworksBuildPhase section */

/* Begin PBXGroup section */
		712E7B28179347C7002C676F /* Models */ = {
			isa = PBXGroup;
			children = (
				712C193817BE91D9009E4EDC /* SetCardDeck.h */,
				712C193917BE91D9009E4EDC /* SetCardDeck.m */,
				71C5504817B2D6AA00CBF32B /* SetCard.h */,
				71C5504917B2D6AA00CBF32B /* SetCard.m */,
				71FAE2E517B169B6002842D8 /* GameResult.h */,
				71FAE2E617B169B6002842D8 /* GameResult.m */,
				719D985217962C76009170BD /* Card.h */,
				719D985317962C76009170BD /* Card.m */,
				719D985417962C76009170BD /* Deck.h */,
				719D985517962C76009170BD /* Deck.m */,
				719D985617962C76009170BD /* PlayingCard.h */,
				719D985717962C76009170BD /* PlayingCard.m */,
				719D985817962C76009170BD /* PlayingCardDeck.h */,
				719D985917962C76009170BD /* PlayingCardDeck.m */,
				719D984F179628DD009170BD /* CardMatchingGame.h */,
				719D9850179628DD009170BD /* CardMatchingGame.m */,
			);
			path = Models;
			sourceTree = "<group>";
		};
		717E993D179342890005DCF8 = {
			isa = PBXGroup;
			children = (
				717E994F179342890005DCF8 /* Matchismo */,
				717E9948179342890005DCF8 /* Frameworks */,
				717E9947179342890005DCF8 /* Products */,
			);
			sourceTree = "<group>";
		};
		717E9947179342890005DCF8 /* Products */ = {
			isa = PBXGroup;
			children = (
				717E9946179342890005DCF8 /* Matchismo.app */,
			);
			name = Products;
			sourceTree = "<group>";
		};
		717E9948179342890005DCF8 /* Frameworks */ = {
			isa = PBXGroup;
			children = (
				717E9949179342890005DCF8 /* UIKit.framework */,
				717E994B179342890005DCF8 /* Foundation.framework */,
				717E994D179342890005DCF8 /* CoreGraphics.framework */,
			);
			name = Frameworks;
			sourceTree = "<group>";
		};
		717E994F179342890005DCF8 /* Matchismo */ = {
			isa = PBXGroup;
			children = (
				7148C6C717B54FC500D918DD /* BaseCardGameViewController.h */,
				7148C6C817B54FC500D918DD /* BaseCardGameViewController.m */,
				71C5504E17B2E77200CBF32B /* CardGameSetViewController.h */,
				71C5504F17B2E77300CBF32B /* CardGameSetViewController.m */,
				71FAE2E817B1C0CF002842D8 /* GameResultViewController.h */,
				71FAE2E917B1C0D0002842D8 /* GameResultViewController.m */,
				712E7B28179347C7002C676F /* Models */,
				717E9958179342890005DCF8 /* MatchismoAppDelegate.h */,
				717E9959179342890005DCF8 /* MatchismoAppDelegate.m */,
				717E9961179342890005DCF8 /* MainStoryboard.storyboard */,
				717E9950179342890005DCF8 /* Supporting Files */,
				7165833D17AF3229004EA265 /* MatchismoViewController.h */,
				7165833E17AF3229004EA265 /* MatchismoViewController.m */,
			);
			path = Matchismo;
			sourceTree = "<group>";
		};
		717E9950179342890005DCF8 /* Supporting Files */ = {
			isa = PBXGroup;
			children = (
				717E9951179342890005DCF8 /* Matchismo-Info.plist */,
				717E9952179342890005DCF8 /* InfoPlist.strings */,
				717E9955179342890005DCF8 /* main.m */,
				717E9957179342890005DCF8 /* Matchismo-Prefix.pch */,
				717E995B179342890005DCF8 /* Default.png */,
				717E995D179342890005DCF8 /* Default@2x.png */,
				717E995F179342890005DCF8 /* Default-568h@2x.png */,
			);
			name = "Supporting Files";
			sourceTree = "<group>";
		};
/* End PBXGroup section */

/* Begin PBXNativeTarget section */
		717E9945179342890005DCF8 /* Matchismo */ = {
			isa = PBXNativeTarget;
			buildConfigurationList = 717E9969179342890005DCF8 /* Build configuration list for PBXNativeTarget "Matchismo" */;
			buildPhases = (
				717E9942179342890005DCF8 /* Sources */,
				717E9943179342890005DCF8 /* Frameworks */,
				717E9944179342890005DCF8 /* Resources */,
			);
			buildRules = (
			);
			dependencies = (
			);
			name = Matchismo;
			productName = Matchismo;
			productReference = 717E9946179342890005DCF8 /* Matchismo.app */;
			productType = "com.apple.product-type.application";
		};
/* End PBXNativeTarget section */

/* Begin PBXProject section */
		717E993E179342890005DCF8 /* Project object */ = {
			isa = PBXProject;
			attributes = {
				CLASSPREFIX = Matchismo;
				LastUpgradeCheck = 0460;
				ORGANIZATIONNAME = "Mauro Oviedo";
			};
			buildConfigurationList = 717E9941179342890005DCF8 /* Build configuration list for PBXProject "Matchismo" */;
			compatibilityVersion = "Xcode 3.2";
			developmentRegion = English;
			hasScannedForEncodings = 0;
			knownRegions = (
				en,
			);
			mainGroup = 717E993D179342890005DCF8;
			productRefGroup = 717E9947179342890005DCF8 /* Products */;
			projectDirPath = "";
			projectRoot = "";
			targets = (
				717E9945179342890005DCF8 /* Matchismo */,
			);
		};
/* End PBXProject section */

/* Begin PBXResourcesBuildPhase section */
		717E9944179342890005DCF8 /* Resources */ = {
			isa = PBXResourcesBuildPhase;
			buildActionMask = 2147483647;
			files = (
				717E9954179342890005DCF8 /* InfoPlist.strings in Resources */,
				717E995C179342890005DCF8 /* Default.png in Resources */,
				717E995E179342890005DCF8 /* Default@2x.png in Resources */,
				717E9960179342890005DCF8 /* Default-568h@2x.png in Resources */,
				717E9963179342890005DCF8 /* MainStoryboard.storyboard in Resources */,
			);
			runOnlyForDeploymentPostprocessing = 0;
		};
/* End PBXResourcesBuildPhase section */

/* Begin PBXSourcesBuildPhase section */
		717E9942179342890005DCF8 /* Sources */ = {
			isa = PBXSourcesBuildPhase;
			buildActionMask = 2147483647;
			files = (
				717E9956179342890005DCF8 /* main.m in Sources */,
				717E995A179342890005DCF8 /* MatchismoAppDelegate.m in Sources */,
				719D9851179628DD009170BD /* CardMatchingGame.m in Sources */,
				719D985A17962C76009170BD /* Card.m in Sources */,
				719D985B17962C76009170BD /* Deck.m in Sources */,
				719D985C17962C76009170BD /* PlayingCard.m in Sources */,
				719D985D17962C76009170BD /* PlayingCardDeck.m in Sources */,
				7165833F17AF3229004EA265 /* MatchismoViewController.m in Sources */,
				71FAE2E717B169B6002842D8 /* GameResult.m in Sources */,
				71FAE2EA17B1C0D0002842D8 /* GameResultViewController.m in Sources */,
				71C5504A17B2D6AA00CBF32B /* SetCard.m in Sources */,
				71C5505017B2E77300CBF32B /* CardGameSetViewController.m in Sources */,
				7148C6C917B54FC500D918DD /* BaseCardGameViewController.m in Sources */,
				712C193A17BE91D9009E4EDC /* SetCardDeck.m in Sources */,
			);
			runOnlyForDeploymentPostprocessing = 0;
		};
/* End PBXSourcesBuildPhase section */

/* Begin PBXVariantGroup section */
		717E9952179342890005DCF8 /* InfoPlist.strings */ = {
			isa = PBXVariantGroup;
			children = (
				717E9953179342890005DCF8 /* en */,
			);
			name = InfoPlist.strings;
			sourceTree = "<group>";
		};
		717E9961179342890005DCF8 /* MainStoryboard.storyboard */ = {
			isa = PBXVariantGroup;
			children = (
				717E9962179342890005DCF8 /* en */,
			);
			name = MainStoryboard.storyboard;
			sourceTree = "<group>";
		};
/* End PBXVariantGroup section */

/* Begin XCBuildConfiguration section */
		717E9967179342890005DCF8 /* Debug */ = {
			isa = XCBuildConfiguration;
			buildSettings = {
				ALWAYS_SEARCH_USER_PATHS = NO;
				CLANG_CXX_LANGUAGE_STANDARD = "gnu++0x";
				CLANG_CXX_LIBRARY = "libc++";
				CLANG_ENABLE_OBJC_ARC = YES;
				CLANG_WARN_CONSTANT_CONVERSION = YES;
				CLANG_WARN_EMPTY_BODY = YES;
				CLANG_WARN_ENUM_CONVERSION = YES;
				CLANG_WARN_INT_CONVERSION = YES;
				CLANG_WARN__DUPLICATE_METHOD_MATCH = YES;
				"CODE_SIGN_IDENTITY[sdk=iphoneos*]" = "iPhone Developer";
				COPY_PHASE_STRIP = NO;
				GCC_C_LANGUAGE_STANDARD = gnu99;
				GCC_DYNAMIC_NO_PIC = NO;
				GCC_OPTIMIZATION_LEVEL = 0;
				GCC_PREPROCESSOR_DEFINITIONS = (
					"DEBUG=1",
					"$(inherited)",
				);
				GCC_SYMBOLS_PRIVATE_EXTERN = NO;
				GCC_WARN_ABOUT_RETURN_TYPE = YES;
				GCC_WARN_UNINITIALIZED_AUTOS = YES;
				GCC_WARN_UNUSED_VARIABLE = YES;
				IPHONEOS_DEPLOYMENT_TARGET = 6.1;
				ONLY_ACTIVE_ARCH = YES;
				SDKROOT = iphoneos;
			};
			name = Debug;
		};
		717E9968179342890005DCF8 /* Release */ = {
			isa = XCBuildConfiguration;
			buildSettings = {
				ALWAYS_SEARCH_USER_PATHS = NO;
				CLANG_CXX_LANGUAGE_STANDARD = "gnu++0x";
				CLANG_CXX_LIBRARY = "libc++";
				CLANG_ENABLE_OBJC_ARC = YES;
				CLANG_WARN_CONSTANT_CONVERSION = YES;
				CLANG_WARN_EMPTY_BODY = YES;
				CLANG_WARN_ENUM_CONVERSION = YES;
				CLANG_WARN_INT_CONVERSION = YES;
				CLANG_WARN__DUPLICATE_METHOD_MATCH = YES;
				"CODE_SIGN_IDENTITY[sdk=iphoneos*]" = "iPhone Developer";
				COPY_PHASE_STRIP = YES;
				GCC_C_LANGUAGE_STANDARD = gnu99;
				GCC_WARN_ABOUT_RETURN_TYPE = YES;
				GCC_WARN_UNINITIALIZED_AUTOS = YES;
				GCC_WARN_UNUSED_VARIABLE = YES;
				IPHONEOS_DEPLOYMENT_TARGET = 6.1;
				OTHER_CFLAGS = "-DNS_BLOCK_ASSERTIONS=1";
				SDKROOT = iphoneos;
				VALIDATE_PRODUCT = YES;
			};
			name = Release;
		};
		717E996A179342890005DCF8 /* Debug */ = {
			isa = XCBuildConfiguration;
			buildSettings = {
				GCC_PRECOMPILE_PREFIX_HEADER = YES;
				GCC_PREFIX_HEADER = "Matchismo/Matchismo-Prefix.pch";
				INFOPLIST_FILE = "Matchismo/Matchismo-Info.plist";
				PRODUCT_NAME = "$(TARGET_NAME)";
				WRAPPER_EXTENSION = app;
			};
			name = Debug;
		};
		717E996B179342890005DCF8 /* Release */ = {
			isa = XCBuildConfiguration;
			buildSettings = {
				GCC_PRECOMPILE_PREFIX_HEADER = YES;
				GCC_PREFIX_HEADER = "Matchismo/Matchismo-Prefix.pch";
				INFOPLIST_FILE = "Matchismo/Matchismo-Info.plist";
				PRODUCT_NAME = "$(TARGET_NAME)";
				WRAPPER_EXTENSION = app;
			};
			name = Release;
		};
/* End XCBuildConfiguration section */

/* Begin XCConfigurationList section */
		717E9941179342890005DCF8 /* Build configuration list for PBXProject "Matchismo" */ = {
			isa = XCConfigurationList;
			buildConfigurations = (
				717E9967179342890005DCF8 /* Debug */,
				717E9968179342890005DCF8 /* Release */,
			);
			defaultConfigurationIsVisible = 0;
			defaultConfigurationName = Release;
		};
		717E9969179342890005DCF8 /* Build configuration list for PBXNativeTarget "Matchismo" */ = {
			isa = XCConfigurationList;
			buildConfigurations = (
				717E996A179342890005DCF8 /* Debug */,
				717E996B179342890005DCF8 /* Release */,
			);
			defaultConfigurationIsVisible = 0;
			defaultConfigurationName = Release;
		};
/* End XCConfigurationList section */
	};
	rootObject = 717E993E179342890005DCF8 /* Project object */;
}
